
Microsoft Visual Studio Solution File, Format Version 12.00
# Visual Studio 2012
Project("{D954291E-2A0B-460D-934E-DC6B0785DB48}") = "OffCenter.Shared", "OffCenter.Shared\OffCenter.Shared.shproj", "{04D5783B-5557-478F-B908-6C7B4B930F8A}"
EndProject
Project("{D954291E-2A0B-460D-934E-DC6B0785DB48}") = "OffCenter.Unified", "OffCenter.Unified\OffCenter.Unified.shproj", "{AABD57A2-2D21-404C-B40F-B3C7CE5FBE6C}"
EndProject
Project("{D954291E-2A0B-460D-934E-DC6B0785DB48}") = "NomadCode.MobileCenter", "NomadCode.MobileCenter\NomadCode.MobileCenter.shproj", "{A85C1184-727A-4D94-AC9D-8F8CEA58B23C}"
EndProject
Project("{D954291E-2A0B-460D-934E-DC6B0785DB48}") = "NomadCode.UIExtensions", "NomadCode.UIExtensions\NomadCode.UIExtensions.shproj", "{07555EA6-44F7-4889-974F-8191391705EB}"
EndProject
Project("{FAE04EC0-301F-11D3-BF4B-00C04F79EFBC}") = "MCA", "Forms\MCA\MCA.csproj", "{F1208E10-F41B-4001-8F14-1E5ABCC26F32}"
EndProject
Project("{FAE04EC0-301F-11D3-BF4B-00C04F79EFBC}") = "MCA.iOS", "Forms\iOS\MCA.iOS.csproj", "{3866E91A-6D58-4DC2-A20B-4F62492D6242}"
EndProject
Project("{FAE04EC0-301F-11D3-BF4B-00C04F79EFBC}") = "MCA.Droid", "Forms\Droid\MCA.Droid.csproj", "{19D99198-3694-446B-A4D5-15654480940C}"
EndProject
Project("{FAE04EC0-301F-11D3-BF4B-00C04F79EFBC}") = "MCA.macOS", "Forms\Mac\MCA.macOS.csproj", "{4727457E-3279-4DA3-A4FC-4F2FC2B10F94}"
EndProject
Global
	GlobalSection(SolutionConfigurationPlatforms) = preSolution
		Debug|iPhoneSimulator = Debug|iPhoneSimulator
		Release|iPhone = Release|iPhone
		Release|iPhoneSimulator = Release|iPhoneSimulator
		Debug|iPhone = Debug|iPhone
	EndGlobalSection
	GlobalSection(ProjectConfigurationPlatforms) = postSolution
		{F1208E10-F41B-4001-8F14-1E5ABCC26F32}.Debug|iPhoneSimulator.ActiveCfg = Debug|Any CPU
		{F1208E10-F41B-4001-8F14-1E5ABCC26F32}.Debug|iPhoneSimulator.Build.0 = Debug|Any CPU
		{F1208E10-F41B-4001-8F14-1E5ABCC26F32}.Release|iPhone.ActiveCfg = Release|Any CPU
		{F1208E10-F41B-4001-8F14-1E5ABCC26F32}.Release|iPhone.Build.0 = Release|Any CPU
		{F1208E10-F41B-4001-8F14-1E5ABCC26F32}.Release|iPhoneSimulator.ActiveCfg = Release|Any CPU
		{F1208E10-F41B-4001-8F14-1E5ABCC26F32}.Release|iPhoneSimulator.Build.0 = Release|Any CPU
		{F1208E10-F41B-4001-8F14-1E5ABCC26F32}.Debug|iPhone.ActiveCfg = Debug|Any CPU
		{F1208E10-F41B-4001-8F14-1E5ABCC26F32}.Debug|iPhone.Build.0 = Debug|Any CPU
		{3866E91A-6D58-4DC2-A20B-4F62492D6242}.Debug|iPhoneSimulator.ActiveCfg = Debug|iPhoneSimulator
		{3866E91A-6D58-4DC2-A20B-4F62492D6242}.Debug|iPhoneSimulator.Build.0 = Debug|iPhoneSimulator
		{3866E91A-6D58-4DC2-A20B-4F62492D6242}.Release|iPhone.ActiveCfg = Release|iPhone
		{3866E91A-6D58-4DC2-A20B-4F62492D6242}.Release|iPhone.Build.0 = Release|iPhone
		{3866E91A-6D58-4DC2-A20B-4F62492D6242}.Release|iPhoneSimulator.ActiveCfg = Release|iPhoneSimulator
		{3866E91A-6D58-4DC2-A20B-4F62492D6242}.Release|iPhoneSimulator.Build.0 = Release|iPhoneSimulator
		{3866E91A-6D58-4DC2-A20B-4F62492D6242}.Debug|iPhone.ActiveCfg = Debug|iPhone
		{3866E91A-6D58-4DC2-A20B-4F62492D6242}.Debug|iPhone.Build.0 = Debug|iPhone
		{19D99198-3694-446B-A4D5-15654480940C}.Debug|iPhoneSimulator.ActiveCfg = Debug|Any CPU
		{19D99198-3694-446B-A4D5-15654480940C}.Debug|iPhoneSimulator.Build.0 = Debug|Any CPU
		{19D99198-3694-446B-A4D5-15654480940C}.Release|iPhone.ActiveCfg = Release|Any CPU
		{19D99198-3694-446B-A4D5-15654480940C}.Release|iPhone.Build.0 = Release|Any CPU
		{19D99198-3694-446B-A4D5-15654480940C}.Release|iPhoneSimulator.ActiveCfg = Release|Any CPU
		{19D99198-3694-446B-A4D5-15654480940C}.Release|iPhoneSimulator.Build.0 = Release|Any CPU
		{19D99198-3694-446B-A4D5-15654480940C}.Debug|iPhone.ActiveCfg = Debug|Any CPU
		{19D99198-3694-446B-A4D5-15654480940C}.Debug|iPhone.Build.0 = Debug|Any CPU
		{4727457E-3279-4DA3-A4FC-4F2FC2B10F94}.Debug|iPhoneSimulator.ActiveCfg = Debug|iPhoneSimulator
		{4727457E-3279-4DA3-A4FC-4F2FC2B10F94}.Debug|iPhoneSimulator.Build.0 = Debug|iPhoneSimulator
		{4727457E-3279-4DA3-A4FC-4F2FC2B10F94}.Release|iPhone.ActiveCfg = Release|iPhoneSimulator
		{4727457E-3279-4DA3-A4FC-4F2FC2B10F94}.Release|iPhone.Build.0 = Release|iPhoneSimulator
		{4727457E-3279-4DA3-A4FC-4F2FC2B10F94}.Release|iPhoneSimulator.ActiveCfg = Release|iPhoneSimulator
		{4727457E-3279-4DA3-A4FC-4F2FC2B10F94}.Release|iPhoneSimulator.Build.0 = Release|iPhoneSimulator
		{4727457E-3279-4DA3-A4FC-4F2FC2B10F94}.Debug|iPhone.ActiveCfg = Debug|iPhoneSimulator
		{4727457E-3279-4DA3-A4FC-4F2FC2B10F94}.Debug|iPhone.Build.0 = Debug|iPhoneSimulator
	EndGlobalSection
EndGlobal
